
Microsoft Visual Studio Solution File, Format Version 12.00
# Visual Studio Version 17
VisualStudioVersion = 17.14.36915.13 d17.14
MinimumVisualStudioVersion = 10.0.40219.1
Project("{D2ABAB84-BF74-430A-B69E-9DC6D40DDA17}") = "OnlineShopCubeProject", "OnlineShopCubeProject\OnlineShopCubeProject.dwproj", "{56E6FC13-A540-A979-9198-77BA91FDAEDD}"
EndProject
Global
	GlobalSection(SolutionConfigurationPlatforms) = preSolution
		Development|Default = Development|Default
	EndGlobalSection
	GlobalSection(ProjectConfigurationPlatforms) = postSolution
		{56E6FC13-A540-A979-9198-77BA91FDAEDD}.Development|Default.ActiveCfg = Development
		{56E6FC13-A540-A979-9198-77BA91FDAEDD}.Development|Default.Build.0 = Development
		{56E6FC13-A540-A979-9198-77BA91FDAEDD}.Development|Default.Deploy.0 = Development
	EndGlobalSection
	GlobalSection(SolutionProperties) = preSolution
		HideSolutionNode = FALSE
	EndGlobalSection
	GlobalSection(ExtensibilityGlobals) = postSolution
		SolutionGuid = {DD94C675-5CAE-44C9-A42F-87927343E4FD}
	EndGlobalSection
EndGlobal
